// !$*UTF8*$!
{
	archiveVersion = 1;
	classes = {
	};
	objectVersion = 50;
	objects = {

/* Begin PBXBuildFile section */
		B55CFAEA23FB65D600D2F84E /* AppDelegate.swift in Sources */ = {isa = PBXBuildFile; fileRef = B55CFAE923FB65D600D2F84E /* AppDelegate.swift */; };
		B55CFAEC23FB65D600D2F84E /* SceneDelegate.swift in Sources */ = {isa = PBXBuildFile; fileRef = B55CFAEB23FB65D600D2F84E /* SceneDelegate.swift */; };
		B55CFAEE23FB65D600D2F84E /* ViewController.swift in Sources */ = {isa = PBXBuildFile; fileRef = B55CFAED23FB65D600D2F84E /* ViewController.swift */; };
		B55CFAF123FB65D700D2F84E /* Main.storyboard in Resources */ = {isa = PBXBuildFile; fileRef = B55CFAEF23FB65D700D2F84E /* Main.storyboard */; };
		B55CFAF323FB65D700D2F84E /* Assets.xcassets in Resources */ = {isa = PBXBuildFile; fileRef = B55CFAF223FB65D700D2F84E /* Assets.xcassets */; };
		B55CFAF623FB65D700D2F84E /* LaunchScreen.storyboard in Resources */ = {isa = PBXBuildFile; fileRef = B55CFAF423FB65D700D2F84E /* LaunchScreen.storyboard */; };
/* End PBXBuildFile section */

/* Begin PBXFileReference section */
		B55CFAE623FB65D600D2F84E /* ThreePickerApp.app */ = {isa = PBXFileReference; explicitFileType = wrapper.application; includeInIndex = 0; path = ThreePickerApp.app; sourceTree = BUILT_PRODUCTS_DIR; };
		B55CFAE923FB65D600D2F84E /* AppDelegate.swift */ = {isa = PBXFileReference; lastKnownFileType = sourcecode.swift; path = AppDelegate.swift; sourceTree = "<group>"; };
		B55CFAEB23FB65D600D2F84E /* SceneDelegate.swift */ = {isa = PBXFileReference; lastKnownFileType = sourcecode.swift; path = SceneDelegate.swift; sourceTree = "<group>"; };
		B55CFAED23FB65D600D2F84E /* ViewController.swift */ = {isa = PBXFileReference; lastKnownFileType = sourcecode.swift; path = ViewController.swift; sourceTree = "<group>"; };
		B55CFAF023FB65D700D2F84E /* Base */ = {isa = PBXFileReference; lastKnownFileType = file.storyboard; name = Base; path = Base.lproj/Main.storyboard; sourceTree = "<group>"; };
		B55CFAF223FB65D700D2F84E /* Assets.xcassets */ = {isa = PBXFileReference; lastKnownFileType = folder.assetcatalog; path = Assets.xcassets; sourceTree = "<group>"; };
		B55CFAF523FB65D700D2F84E /* Base */ = {isa = PBXFileReference; lastKnownFileType = file.storyboard; name = Base; path = Base.lproj/LaunchScreen.storyboard; sourceTree = "<group>"; };
		B55CFAF723FB65D700D2F84E /* Info.plist */ = {isa = PBXFileReference; lastKnownFileType = text.plist.xml; path = Info.plist; sourceTree = "<group>"; };
/* End PBXFileReference section */

/* Begin PBXFrameworksBuildPhase section */
		B55CFAE323FB65D600D2F84E /* Frameworks */ = {
			isa = PBXFrameworksBuildPhase;
			buildActionMask = 2147483647;
			files = (
			);
			runOnlyForDeploymentPostprocessing = 0;
		};
/* End PBXFrameworksBuildPhase section */

/* Begin PBXGroup section */
		B55CFADD23FB65D600D2F84E = {
			isa = PBXGroup;
			children = (
				B55CFAE823FB65D600D2F84E /* ThreePickerApp */,
				B55CFAE723FB65D600D2F84E /* Products */,
			);
			sourceTree = "<group>";
		};
		B55CFAE723FB65D600D2F84E /* Products */ = {
			isa = PBXGroup;
			children = (
				B55CFAE623FB65D600D2F84E /* ThreePickerApp.app */,
			);
			name = Products;
			sourceTree = "<group>";
		};
		B55CFAE823FB65D600D2F84E /* ThreePickerApp */ = {
			isa = PBXGroup;
			children = (
				B55CFAE923FB65D600D2F84E /* AppDelegate.swift */,
				B55CFAEB23FB65D600D2F84E /* SceneDelegate.swift */,
				B55CFAED23FB65D600D2F84E /* ViewController.swift */,
				B55CFAEF23FB65D700D2F84E /* Main.storyboard */,
				B55CFAF223FB65D700D2F84E /* Assets.xcassets */,
				B55CFAF423FB65D700D2F84E /* LaunchScreen.storyboard */,
				B55CFAF723FB65D700D2F84E /* Info.plist */,
			);
			path = ThreePickerApp;
			sourceTree = "<group>";
		};
/* End PBXGroup section */

/* Begin PBXNativeTarget section */
		B55CFAE523FB65D600D2F84E /* ThreePickerApp */ = {
			isa = PBXNativeTarget;
			buildConfigurationList = B55CFAFA23FB65D700D2F84E /* Build configuration list for PBXNativeTarget "ThreePickerApp" */;
			buildPhases = (
				B55CFAE223FB65D600D2F84E /* Sources */,
				B55CFAE323FB65D600D2F84E /* Frameworks */,
				B55CFAE423FB65D600D2F84E /* Resources */,
			);
			buildRules = (
			);
			dependencies = (
			);
			name = ThreePickerApp;
			productName = ThreePickerApp;
			productReference = B55CFAE623FB65D600D2F84E /* ThreePickerApp.app */;
			productType = "com.apple.product-type.application";
		};
/* End PBXNativeTarget section */

/* Begin PBXProject section */
		B55CFADE23FB65D600D2F84E /* Project object */ = {
			isa = PBXProject;
			attributes = {
				LastSwiftUpdateCheck = 1130;
				LastUpgradeCheck = 1130;
				ORGANIZATIONNAME = "Aidan O'Brien";
				TargetAttributes = {
					B55CFAE523FB65D600D2F84E = {
						CreatedOnToolsVersion = 11.3;
					};
				};
			};
			buildConfigurationList = B55CFAE123FB65D600D2F84E /* Build configuration list for PBXProject "ThreePickerApp" */;
			compatibilityVersion = "Xcode 9.3";
			developmentRegion = en;
			hasScannedForEncodings = 0;
			knownRegions = (
				en,
				Base,
			);
			mainGroup = B55CFADD23FB65D600D2F84E;
			productRefGroup = B55CFAE723FB65D600D2F84E /* Products */;
			projectDirPath = "";
			projectRoot = "";
			targets = (
				B55CFAE523FB65D600D2F84E /* ThreePickerApp */,
			);
		};
/* End PBXProject section */

/* Begin PBXResourcesBuildPhase section */
		B55CFAE423FB65D600D2F84E /* Resources */ = {
			isa = PBXResourcesBuildPhase;
			buildActionMask = 2147483647;
			files = (
				B55CFAF623FB65D700D2F84E /* LaunchScreen.storyboard in Resources */,
				B55CFAF323FB65D700D2F84E /* Assets.xcassets in Resources */,
				B55CFAF123FB65D700D2F84E /* Main.storyboard in Resources */,
			);
			runOnlyForDeploymentPostprocessing = 0;
		};
/* End PBXResourcesBuildPhase section */

/* Begin PBXSourcesBuildPhase section */
		B55CFAE223FB65D600D2F84E /* Sources */ = {
			isa = PBXSourcesBuildPhase;
			buildActionMask = 2147483647;
			files = (
				B55CFAEE23FB65D600D2F84E /* ViewController.swift in Sources */,
				B55CFAEA23FB65D600D2F84E /* AppDelegate.swift in Sources */,
				B55CFAEC23FB65D600D2F84E /* SceneDelegate.swift in Sources */,
			);
			runOnlyForDeploymentPostprocessing = 0;
		};
/* End PBXSourcesBuildPhase section */

/* Begin PBXVariantGroup section */
		B55CFAEF23FB65D700D2F84E /* Main.storyboard */ = {
			isa = PBXVariantGroup;
			children = (
				B55CFAF023FB65D700D2F84E /* Base */,
			);
			name = Main.storyboard;
			sourceTree = "<group>";
		};
		B55CFAF423FB65D700D2F84E /* LaunchScreen.storyboard */ = {
			isa = PBXVariantGroup;
			children = (
				B55CFAF523FB65D700D2F84E /* Base */,
			);
			name = LaunchScreen.storyboard;
			sourceTree = "<group>";
		};
/* End PBXVariantGroup section */

/* Begin XCBuildConfiguration section */
		B55CFAF823FB65D700D2F84E /* Debug */ = {
			isa = XCBuildConfiguration;
			buildSettings = {
				ALWAYS_SEARCH_USER_PATHS = NO;
				CLANG_ANALYZER_NONNULL = YES;
				CLANG_ANALYZER_NUMBER_OBJECT_CONVERSION = YES_AGGRESSIVE;
				CLANG_CXX_LANGUAGE_STANDARD = "gnu++14";
				CLANG_CXX_LIBRARY = "libc++";
				CLANG_ENABLE_MODULES = YES;
				CLANG_ENABLE_OBJC_ARC = YES;
				CLANG_ENABLE_OBJC_WEAK = YES;
				CLANG_WARN_BLOCK_CAPTURE_AUTORELEASING = YES;
				CLANG_WARN_BOOL_CONVERSION = YES;
				CLANG_WARN_COMMA = YES;
				CLANG_WARN_CONSTANT_CONVERSION = YES;
				CLANG_WARN_DEPRECATED_OBJC_IMPLEMENTATIONS = YES;
				CLANG_WARN_DIRECT_OBJC_ISA_USAGE = YES_ERROR;
				CLANG_WARN_DOCUMENTATION_COMMENTS = YES;
				CLANG_WARN_EMPTY_BODY = YES;
				CLANG_WARN_ENUM_CONVERSION = YES;
				CLANG_WARN_INFINITE_RECURSION = YES;
				CLANG_WARN_INT_CONVERSION = YES;
				CLANG_WARN_NON_LITERAL_NULL_CONVERSION = YES;
				CLANG_WARN_OBJC_IMPLICIT_RETAIN_SELF = YES;
				CLANG_WARN_OBJC_LITERAL_CONVERSION = YES;
				CLANG_WARN_OBJC_ROOT_CLASS = YES_ERROR;
				CLANG_WARN_RANGE_LOOP_ANALYSIS = YES;
				CLANG_WARN_STRICT_PROTOTYPES = YES;
				CLANG_WARN_SUSPICIOUS_MOVE = YES;
				CLANG_WARN_UNGUARDED_AVAILABILITY = YES_AGGRESSIVE;
				CLANG_WARN_UNREACHABLE_CODE = YES;
				CLANG_WARN__DUPLICATE_METHOD_MATCH = YES;
				COPY_PHASE_STRIP = NO;
				DEBUG_INFORMATION_FORMAT = dwarf;
				ENABLE_STRICT_OBJC_MSGSEND = YES;
				ENABLE_TESTABILITY = YES;
				GCC_C_LANGUAGE_STANDARD = gnu11;
				GCC_DYNAMIC_NO_PIC = NO;
				GCC_NO_COMMON_BLOCKS = YES;
				GCC_OPTIMIZATION_LEVEL = 0;
				GCC_PREPROCESSOR_DEFINITIONS = (
					"DEBUG=1",
					"$(inherited)",
				);
				GCC_WARN_64_TO_32_BIT_CONVERSION = YES;
				GCC_WARN_ABOUT_RETURN_TYPE = YES_ERROR;
				GCC_WARN_UNDECLARED_SELECTOR = YES;
				GCC_WARN_UNINITIALIZED_AUTOS = YES_AGGRESSIVE;
				GCC_WARN_UNUSED_FUNCTION = YES;
				GCC_WARN_UNUSED_VARIABLE = YES;
				IPHONEOS_DEPLOYMENT_TARGET = 13.2;
				MTL_ENABLE_DEBUG_INFO = INCLUDE_SOURCE;
				MTL_FAST_MATH = YES;
				ONLY_ACTIVE_ARCH = YES;
				SDKROOT = iphoneos;
				SWIFT_ACTIVE_COMPILATION_CONDITIONS = DEBUG;
				SWIFT_OPTIMIZATION_LEVEL = "-Onone";
			};
			name = Debug;
		};
		B55CFAF923FB65D700D2F84E /* Release */ = {
			isa = XCBuildConfiguration;
			buildSettings = {
				ALWAYS_SEARCH_USER_PATHS = NO;
				CLANG_ANALYZER_NONNULL = YES;
				CLANG_ANALYZER_NUMBER_OBJECT_CONVERSION = YES_AGGRESSIVE;
				CLANG_CXX_LANGUAGE_STANDARD = "gnu++14";
				CLANG_CXX_LIBRARY = "libc++";
				CLANG_ENABLE_MODULES = YES;
				CLANG_ENABLE_OBJC_ARC = YES;
				CLANG_ENABLE_OBJC_WEAK = YES;
				CLANG_WARN_BLOCK_CAPTURE_AUTORELEASING = YES;
				CLANG_WARN_BOOL_CONVERSION = YES;
				CLANG_WARN_COMMA = YES;
				CLANG_WARN_CONSTANT_CONVERSION = YES;
				CLANG_WARN_DEPRECATED_OBJC_IMPLEMENTATIONS = YES;
				CLANG_WARN_DIRECT_OBJC_ISA_USAGE = YES_ERROR;
				CLANG_WARN_DOCUMENTATION_COMMENTS = YES;
				CLANG_WARN_EMPTY_BODY = YES;
				CLANG_WARN_ENUM_CONVERSION = YES;
				CLANG_WARN_INFINITE_RECURSION = YES;
				CLANG_WARN_INT_CONVERSION = YES;
				CLANG_WARN_NON_LITERAL_NULL_CONVERSION = YES;
				CLANG_WARN_OBJC_IMPLICIT_RETAIN_SELF = YES;
				CLANG_WARN_OBJC_LITERAL_CONVERSION = YES;
				CLANG_WARN_OBJC_ROOT_CLASS = YES_ERROR;
				CLANG_WARN_RANGE_LOOP_ANALYSIS = YES;
				CLANG_WARN_STRICT_PROTOTYPES = YES;
				CLANG_WARN_SUSPICIOUS_MOVE = YES;
				CLANG_WARN_UNGUARDED_AVAILABILITY = YES_AGGRESSIVE;
				CLANG_WARN_UNREACHABLE_CODE = YES;
				CLANG_WARN__DUPLICATE_METHOD_MATCH = YES;
				COPY_PHASE_STRIP = NO;
				DEBUG_INFORMATION_FORMAT = "dwarf-with-dsym";
				ENABLE_NS_ASSERTIONS = NO;
				ENABLE_STRICT_OBJC_MSGSEND = YES;
				GCC_C_LANGUAGE_STANDARD = gnu11;
				GCC_NO_COMMON_BLOCKS = YES;
				GCC_WARN_64_TO_32_BIT_CONVERSION = YES;
				GCC_WARN_ABOUT_RETURN_TYPE = YES_ERROR;
				GCC_WARN_UNDECLARED_SELECTOR = YES;
				GCC_WARN_UNINITIALIZED_AUTOS = YES_AGGRESSIVE;
				GCC_WARN_UNUSED_FUNCTION = YES;
				GCC_WARN_UNUSED_VARIABLE = YES;
				IPHONEOS_DEPLOYMENT_TARGET = 13.2;
				MTL_ENABLE_DEBUG_INFO = NO;
				MTL_FAST_MATH = YES;
				SDKROOT = iphoneos;
				SWIFT_COMPILATION_MODE = wholemodule;
				SWIFT_OPTIMIZATION_LEVEL = "-O";
				VALIDATE_PRODUCT = YES;
			};
			name = Release;
		};
		B55CFAFB23FB65D700D2F84E /* Debug */ = {
			isa = XCBuildConfiguration;
			buildSettings = {
				ASSETCATALOG_COMPILER_APPICON_NAME = AppIcon;
				CODE_SIGN_STYLE = Automatic;
				INFOPLIST_FILE = ThreePickerApp/Info.plist;
				LD_RUNPATH_SEARCH_PATHS = (
					"$(inherited)",
					"@executable_path/Frameworks",
				);
				PRODUCT_BUNDLE_IDENTIFIER = mobileStudy.ThreePickerApp;
				PRODUCT_NAME = "$(TARGET_NAME)";
				SWIFT_VERSION = 5.0;
				TARGETED_DEVICE_FAMILY = "1,2";
			};
			name = Debug;
		};
		B55CFAFC23FB65D700D2F84E /* Release */ = {
			isa = XCBuildConfiguration;
			buildSettings = {
				ASSETCATALOG_COMPILER_APPICON_NAME = AppIcon;
				CODE_SIGN_STYLE = Automatic;
				INFOPLIST_FILE = ThreePickerApp/Info.plist;
				LD_RUNPATH_SEARCH_PATHS = (
					"$(inherited)",
					"@executable_path/Frameworks",
				);
				PRODUCT_BUNDLE_IDENTIFIER = mobileStudy.ThreePickerApp;
				PRODUCT_NAME = "$(TARGET_NAME)";
				SWIFT_VERSION = 5.0;
				TARGETED_DEVICE_FAMILY = "1,2";
			};
			name = Release;
		};
/* End XCBuildConfiguration section */

/* Begin XCConfigurationList section */
		B55CFAE123FB65D600D2F84E /* Build configuration list for PBXProject "ThreePickerApp" */ = {
			isa = XCConfigurationList;
			buildConfigurations = (
				B55CFAF823FB65D700D2F84E /* Debug */,
				B55CFAF923FB65D700D2F84E /* Release */,
			);
			defaultConfigurationIsVisible = 0;
			defaultConfigurationName = Release;
		};
		B55CFAFA23FB65D700D2F84E /* Build configuration list for PBXNativeTarget "ThreePickerApp" */ = {
			isa = XCConfigurationList;
			buildConfigurations = (
				B55CFAFB23FB65D700D2F84E /* Debug */,
				B55CFAFC23FB65D700D2F84E /* Release */,
			);
			defaultConfigurationIsVisible = 0;
			defaultConfigurationName = Release;
		};
/* End XCConfigurationList section */
	};
	rootObject = B55CFADE23FB65D600D2F84E /* Project object */;
}
