// !$*UTF8*$!
{
	archiveVersion = 1;
	classes = {
	};
	objectVersion = 50;
	objects = {

/* Begin PBXBuildFile section */
		B57E1FD3240ABAC70030A385 /* AppDelegate.swift in Sources */ = {isa = PBXBuildFile; fileRef = B57E1FD2240ABAC70030A385 /* AppDelegate.swift */; };
		B57E1FD5240ABAC70030A385 /* SceneDelegate.swift in Sources */ = {isa = PBXBuildFile; fileRef = B57E1FD4240ABAC70030A385 /* SceneDelegate.swift */; };
		B57E1FD7240ABAC70030A385 /* ViewController.swift in Sources */ = {isa = PBXBuildFile; fileRef = B57E1FD6240ABAC70030A385 /* ViewController.swift */; };
		B57E1FDA240ABAC70030A385 /* Main.storyboard in Resources */ = {isa = PBXBuildFile; fileRef = B57E1FD8240ABAC70030A385 /* Main.storyboard */; };
		B57E1FDC240ABAC80030A385 /* Assets.xcassets in Resources */ = {isa = PBXBuildFile; fileRef = B57E1FDB240ABAC80030A385 /* Assets.xcassets */; };
		B57E1FDF240ABAC80030A385 /* LaunchScreen.storyboard in Resources */ = {isa = PBXBuildFile; fileRef = B57E1FDD240ABAC80030A385 /* LaunchScreen.storyboard */; };
		B57E1FE7240ABBF70030A385 /* itemCell.swift in Sources */ = {isa = PBXBuildFile; fileRef = B57E1FE6240ABBF70030A385 /* itemCell.swift */; };
/* End PBXBuildFile section */

/* Begin PBXFileReference section */
		B57E1FCF240ABAC70030A385 /* CollectionViewSectionApp.app */ = {isa = PBXFileReference; explicitFileType = wrapper.application; includeInIndex = 0; path = CollectionViewSectionApp.app; sourceTree = BUILT_PRODUCTS_DIR; };
		B57E1FD2240ABAC70030A385 /* AppDelegate.swift */ = {isa = PBXFileReference; lastKnownFileType = sourcecode.swift; path = AppDelegate.swift; sourceTree = "<group>"; };
		B57E1FD4240ABAC70030A385 /* SceneDelegate.swift */ = {isa = PBXFileReference; lastKnownFileType = sourcecode.swift; path = SceneDelegate.swift; sourceTree = "<group>"; };
		B57E1FD6240ABAC70030A385 /* ViewController.swift */ = {isa = PBXFileReference; lastKnownFileType = sourcecode.swift; path = ViewController.swift; sourceTree = "<group>"; };
		B57E1FD9240ABAC70030A385 /* Base */ = {isa = PBXFileReference; lastKnownFileType = file.storyboard; name = Base; path = Base.lproj/Main.storyboard; sourceTree = "<group>"; };
		B57E1FDB240ABAC80030A385 /* Assets.xcassets */ = {isa = PBXFileReference; lastKnownFileType = folder.assetcatalog; path = Assets.xcassets; sourceTree = "<group>"; };
		B57E1FDE240ABAC80030A385 /* Base */ = {isa = PBXFileReference; lastKnownFileType = file.storyboard; name = Base; path = Base.lproj/LaunchScreen.storyboard; sourceTree = "<group>"; };
		B57E1FE0240ABAC80030A385 /* Info.plist */ = {isa = PBXFileReference; lastKnownFileType = text.plist.xml; path = Info.plist; sourceTree = "<group>"; };
		B57E1FE6240ABBF70030A385 /* itemCell.swift */ = {isa = PBXFileReference; lastKnownFileType = sourcecode.swift; path = itemCell.swift; sourceTree = "<group>"; };
/* End PBXFileReference section */

/* Begin PBXFrameworksBuildPhase section */
		B57E1FCC240ABAC70030A385 /* Frameworks */ = {
			isa = PBXFrameworksBuildPhase;
			buildActionMask = 2147483647;
			files = (
			);
			runOnlyForDeploymentPostprocessing = 0;
		};
/* End PBXFrameworksBuildPhase section */

/* Begin PBXGroup section */
		B57E1FC6240ABAC70030A385 = {
			isa = PBXGroup;
			children = (
				B57E1FD1240ABAC70030A385 /* CollectionViewSectionApp */,
				B57E1FD0240ABAC70030A385 /* Products */,
			);
			sourceTree = "<group>";
		};
		B57E1FD0240ABAC70030A385 /* Products */ = {
			isa = PBXGroup;
			children = (
				B57E1FCF240ABAC70030A385 /* CollectionViewSectionApp.app */,
			);
			name = Products;
			sourceTree = "<group>";
		};
		B57E1FD1240ABAC70030A385 /* CollectionViewSectionApp */ = {
			isa = PBXGroup;
			children = (
				B57E1FD2240ABAC70030A385 /* AppDelegate.swift */,
				B57E1FD4240ABAC70030A385 /* SceneDelegate.swift */,
				B57E1FD6240ABAC70030A385 /* ViewController.swift */,
				B57E1FD8240ABAC70030A385 /* Main.storyboard */,
				B57E1FE6240ABBF70030A385 /* itemCell.swift */,
				B57E1FDB240ABAC80030A385 /* Assets.xcassets */,
				B57E1FDD240ABAC80030A385 /* LaunchScreen.storyboard */,
				B57E1FE0240ABAC80030A385 /* Info.plist */,
			);
			path = CollectionViewSectionApp;
			sourceTree = "<group>";
		};
/* End PBXGroup section */

/* Begin PBXNativeTarget section */
		B57E1FCE240ABAC70030A385 /* CollectionViewSectionApp */ = {
			isa = PBXNativeTarget;
			buildConfigurationList = B57E1FE3240ABAC80030A385 /* Build configuration list for PBXNativeTarget "CollectionViewSectionApp" */;
			buildPhases = (
				B57E1FCB240ABAC70030A385 /* Sources */,
				B57E1FCC240ABAC70030A385 /* Frameworks */,
				B57E1FCD240ABAC70030A385 /* Resources */,
			);
			buildRules = (
			);
			dependencies = (
			);
			name = CollectionViewSectionApp;
			productName = CollectionViewSectionApp;
			productReference = B57E1FCF240ABAC70030A385 /* CollectionViewSectionApp.app */;
			productType = "com.apple.product-type.application";
		};
/* End PBXNativeTarget section */

/* Begin PBXProject section */
		B57E1FC7240ABAC70030A385 /* Project object */ = {
			isa = PBXProject;
			attributes = {
				LastSwiftUpdateCheck = 1130;
				LastUpgradeCheck = 1130;
				ORGANIZATIONNAME = "Aidan O'Brien";
				TargetAttributes = {
					B57E1FCE240ABAC70030A385 = {
						CreatedOnToolsVersion = 11.3;
					};
				};
			};
			buildConfigurationList = B57E1FCA240ABAC70030A385 /* Build configuration list for PBXProject "CollectionViewSectionApp" */;
			compatibilityVersion = "Xcode 9.3";
			developmentRegion = en;
			hasScannedForEncodings = 0;
			knownRegions = (
				en,
				Base,
			);
			mainGroup = B57E1FC6240ABAC70030A385;
			productRefGroup = B57E1FD0240ABAC70030A385 /* Products */;
			projectDirPath = "";
			projectRoot = "";
			targets = (
				B57E1FCE240ABAC70030A385 /* CollectionViewSectionApp */,
			);
		};
/* End PBXProject section */

/* Begin PBXResourcesBuildPhase section */
		B57E1FCD240ABAC70030A385 /* Resources */ = {
			isa = PBXResourcesBuildPhase;
			buildActionMask = 2147483647;
			files = (
				B57E1FDF240ABAC80030A385 /* LaunchScreen.storyboard in Resources */,
				B57E1FDC240ABAC80030A385 /* Assets.xcassets in Resources */,
				B57E1FDA240ABAC70030A385 /* Main.storyboard in Resources */,
			);
			runOnlyForDeploymentPostprocessing = 0;
		};
/* End PBXResourcesBuildPhase section */

/* Begin PBXSourcesBuildPhase section */
		B57E1FCB240ABAC70030A385 /* Sources */ = {
			isa = PBXSourcesBuildPhase;
			buildActionMask = 2147483647;
			files = (
				B57E1FE7240ABBF70030A385 /* itemCell.swift in Sources */,
				B57E1FD7240ABAC70030A385 /* ViewController.swift in Sources */,
				B57E1FD3240ABAC70030A385 /* AppDelegate.swift in Sources */,
				B57E1FD5240ABAC70030A385 /* SceneDelegate.swift in Sources */,
			);
			runOnlyForDeploymentPostprocessing = 0;
		};
/* End PBXSourcesBuildPhase section */

/* Begin PBXVariantGroup section */
		B57E1FD8240ABAC70030A385 /* Main.storyboard */ = {
			isa = PBXVariantGroup;
			children = (
				B57E1FD9240ABAC70030A385 /* Base */,
			);
			name = Main.storyboard;
			sourceTree = "<group>";
		};
		B57E1FDD240ABAC80030A385 /* LaunchScreen.storyboard */ = {
			isa = PBXVariantGroup;
			children = (
				B57E1FDE240ABAC80030A385 /* Base */,
			);
			name = LaunchScreen.storyboard;
			sourceTree = "<group>";
		};
/* End PBXVariantGroup section */

/* Begin XCBuildConfiguration section */
		B57E1FE1240ABAC80030A385 /* Debug */ = {
			isa = XCBuildConfiguration;
			buildSettings = {
				ALWAYS_SEARCH_USER_PATHS = NO;
				CLANG_ANALYZER_NONNULL = YES;
				CLANG_ANALYZER_NUMBER_OBJECT_CONVERSION = YES_AGGRESSIVE;
				CLANG_CXX_LANGUAGE_STANDARD = "gnu++14";
				CLANG_CXX_LIBRARY = "libc++";
				CLANG_ENABLE_MODULES = YES;
				CLANG_ENABLE_OBJC_ARC = YES;
				CLANG_ENABLE_OBJC_WEAK = YES;
				CLANG_WARN_BLOCK_CAPTURE_AUTORELEASING = YES;
				CLANG_WARN_BOOL_CONVERSION = YES;
				CLANG_WARN_COMMA = YES;
				CLANG_WARN_CONSTANT_CONVERSION = YES;
				CLANG_WARN_DEPRECATED_OBJC_IMPLEMENTATIONS = YES;
				CLANG_WARN_DIRECT_OBJC_ISA_USAGE = YES_ERROR;
				CLANG_WARN_DOCUMENTATION_COMMENTS = YES;
				CLANG_WARN_EMPTY_BODY = YES;
				CLANG_WARN_ENUM_CONVERSION = YES;
				CLANG_WARN_INFINITE_RECURSION = YES;
				CLANG_WARN_INT_CONVERSION = YES;
				CLANG_WARN_NON_LITERAL_NULL_CONVERSION = YES;
				CLANG_WARN_OBJC_IMPLICIT_RETAIN_SELF = YES;
				CLANG_WARN_OBJC_LITERAL_CONVERSION = YES;
				CLANG_WARN_OBJC_ROOT_CLASS = YES_ERROR;
				CLANG_WARN_RANGE_LOOP_ANALYSIS = YES;
				CLANG_WARN_STRICT_PROTOTYPES = YES;
				CLANG_WARN_SUSPICIOUS_MOVE = YES;
				CLANG_WARN_UNGUARDED_AVAILABILITY = YES_AGGRESSIVE;
				CLANG_WARN_UNREACHABLE_CODE = YES;
				CLANG_WARN__DUPLICATE_METHOD_MATCH = YES;
				COPY_PHASE_STRIP = NO;
				DEBUG_INFORMATION_FORMAT = dwarf;
				ENABLE_STRICT_OBJC_MSGSEND = YES;
				ENABLE_TESTABILITY = YES;
				GCC_C_LANGUAGE_STANDARD = gnu11;
				GCC_DYNAMIC_NO_PIC = NO;
				GCC_NO_COMMON_BLOCKS = YES;
				GCC_OPTIMIZATION_LEVEL = 0;
				GCC_PREPROCESSOR_DEFINITIONS = (
					"DEBUG=1",
					"$(inherited)",
				);
				GCC_WARN_64_TO_32_BIT_CONVERSION = YES;
				GCC_WARN_ABOUT_RETURN_TYPE = YES_ERROR;
				GCC_WARN_UNDECLARED_SELECTOR = YES;
				GCC_WARN_UNINITIALIZED_AUTOS = YES_AGGRESSIVE;
				GCC_WARN_UNUSED_FUNCTION = YES;
				GCC_WARN_UNUSED_VARIABLE = YES;
				IPHONEOS_DEPLOYMENT_TARGET = 13.2;
				MTL_ENABLE_DEBUG_INFO = INCLUDE_SOURCE;
				MTL_FAST_MATH = YES;
				ONLY_ACTIVE_ARCH = YES;
				SDKROOT = iphoneos;
				SWIFT_ACTIVE_COMPILATION_CONDITIONS = DEBUG;
				SWIFT_OPTIMIZATION_LEVEL = "-Onone";
			};
			name = Debug;
		};
		B57E1FE2240ABAC80030A385 /* Release */ = {
			isa = XCBuildConfiguration;
			buildSettings = {
				ALWAYS_SEARCH_USER_PATHS = NO;
				CLANG_ANALYZER_NONNULL = YES;
				CLANG_ANALYZER_NUMBER_OBJECT_CONVERSION = YES_AGGRESSIVE;
				CLANG_CXX_LANGUAGE_STANDARD = "gnu++14";
				CLANG_CXX_LIBRARY = "libc++";
				CLANG_ENABLE_MODULES = YES;
				CLANG_ENABLE_OBJC_ARC = YES;
				CLANG_ENABLE_OBJC_WEAK = YES;
				CLANG_WARN_BLOCK_CAPTURE_AUTORELEASING = YES;
				CLANG_WARN_BOOL_CONVERSION = YES;
				CLANG_WARN_COMMA = YES;
				CLANG_WARN_CONSTANT_CONVERSION = YES;
				CLANG_WARN_DEPRECATED_OBJC_IMPLEMENTATIONS = YES;
				CLANG_WARN_DIRECT_OBJC_ISA_USAGE = YES_ERROR;
				CLANG_WARN_DOCUMENTATION_COMMENTS = YES;
				CLANG_WARN_EMPTY_BODY = YES;
				CLANG_WARN_ENUM_CONVERSION = YES;
				CLANG_WARN_INFINITE_RECURSION = YES;
				CLANG_WARN_INT_CONVERSION = YES;
				CLANG_WARN_NON_LITERAL_NULL_CONVERSION = YES;
				CLANG_WARN_OBJC_IMPLICIT_RETAIN_SELF = YES;
				CLANG_WARN_OBJC_LITERAL_CONVERSION = YES;
				CLANG_WARN_OBJC_ROOT_CLASS = YES_ERROR;
				CLANG_WARN_RANGE_LOOP_ANALYSIS = YES;
				CLANG_WARN_STRICT_PROTOTYPES = YES;
				CLANG_WARN_SUSPICIOUS_MOVE = YES;
				CLANG_WARN_UNGUARDED_AVAILABILITY = YES_AGGRESSIVE;
				CLANG_WARN_UNREACHABLE_CODE = YES;
				CLANG_WARN__DUPLICATE_METHOD_MATCH = YES;
				COPY_PHASE_STRIP = NO;
				DEBUG_INFORMATION_FORMAT = "dwarf-with-dsym";
				ENABLE_NS_ASSERTIONS = NO;
				ENABLE_STRICT_OBJC_MSGSEND = YES;
				GCC_C_LANGUAGE_STANDARD = gnu11;
				GCC_NO_COMMON_BLOCKS = YES;
				GCC_WARN_64_TO_32_BIT_CONVERSION = YES;
				GCC_WARN_ABOUT_RETURN_TYPE = YES_ERROR;
				GCC_WARN_UNDECLARED_SELECTOR = YES;
				GCC_WARN_UNINITIALIZED_AUTOS = YES_AGGRESSIVE;
				GCC_WARN_UNUSED_FUNCTION = YES;
				GCC_WARN_UNUSED_VARIABLE = YES;
				IPHONEOS_DEPLOYMENT_TARGET = 13.2;
				MTL_ENABLE_DEBUG_INFO = NO;
				MTL_FAST_MATH = YES;
				SDKROOT = iphoneos;
				SWIFT_COMPILATION_MODE = wholemodule;
				SWIFT_OPTIMIZATION_LEVEL = "-O";
				VALIDATE_PRODUCT = YES;
			};
			name = Release;
		};
		B57E1FE4240ABAC80030A385 /* Debug */ = {
			isa = XCBuildConfiguration;
			buildSettings = {
				ASSETCATALOG_COMPILER_APPICON_NAME = AppIcon;
				CODE_SIGN_STYLE = Automatic;
				INFOPLIST_FILE = CollectionViewSectionApp/Info.plist;
				LD_RUNPATH_SEARCH_PATHS = (
					"$(inherited)",
					"@executable_path/Frameworks",
				);
				MARKETING_VERSION = 1.0;
				PRODUCT_BUNDLE_IDENTIFIER = mobileStudy.CollectionViewSectionApp;
				PRODUCT_NAME = "$(TARGET_NAME)";
				SWIFT_VERSION = 5.0;
				TARGETED_DEVICE_FAMILY = "1,2";
			};
			name = Debug;
		};
		B57E1FE5240ABAC80030A385 /* Release */ = {
			isa = XCBuildConfiguration;
			buildSettings = {
				ASSETCATALOG_COMPILER_APPICON_NAME = AppIcon;
				CODE_SIGN_STYLE = Automatic;
				INFOPLIST_FILE = CollectionViewSectionApp/Info.plist;
				LD_RUNPATH_SEARCH_PATHS = (
					"$(inherited)",
					"@executable_path/Frameworks",
				);
				MARKETING_VERSION = 1.0;
				PRODUCT_BUNDLE_IDENTIFIER = mobileStudy.CollectionViewSectionApp;
				PRODUCT_NAME = "$(TARGET_NAME)";
				SWIFT_VERSION = 5.0;
				TARGETED_DEVICE_FAMILY = "1,2";
			};
			name = Release;
		};
/* End XCBuildConfiguration section */

/* Begin XCConfigurationList section */
		B57E1FCA240ABAC70030A385 /* Build configuration list for PBXProject "CollectionViewSectionApp" */ = {
			isa = XCConfigurationList;
			buildConfigurations = (
				B57E1FE1240ABAC80030A385 /* Debug */,
				B57E1FE2240ABAC80030A385 /* Release */,
			);
			defaultConfigurationIsVisible = 0;
			defaultConfigurationName = Release;
		};
		B57E1FE3240ABAC80030A385 /* Build configuration list for PBXNativeTarget "CollectionViewSectionApp" */ = {
			isa = XCConfigurationList;
			buildConfigurations = (
				B57E1FE4240ABAC80030A385 /* Debug */,
				B57E1FE5240ABAC80030A385 /* Release */,
			);
			defaultConfigurationIsVisible = 0;
			defaultConfigurationName = Release;
		};
/* End XCConfigurationList section */
	};
	rootObject = B57E1FC7240ABAC70030A385 /* Project object */;
}
